
Microsoft Visual Studio Solution File, Format Version 12.00
# Visual Studio Version 17
VisualStudioVersion = 17.8.34309.116
MinimumVisualStudioVersion = 10.0.40219.1
Project("{9A19103F-16F7-4668-BE54-9A1E7A4F7556}") = "UserPortal", "UserPortal\UserPortal.csproj", "{AA2FC7E3-2A69-485C-A4A3-75ED85C3A962}"
EndProject
Global
	GlobalSection(SolutionConfigurationPlatforms) = preSolution
		Debug|Any CPU = Debug|Any CPU
		Release|Any CPU = Release|Any CPU
	EndGlobalSection
	GlobalSection(ProjectConfigurationPlatforms) = postSolution
		{AA2FC7E3-2A69-485C-A4A3-75ED85C3A962}.Debug|Any CPU.ActiveCfg = Debug|Any CPU
		{AA2FC7E3-2A69-485C-A4A3-75ED85C3A962}.Debug|Any CPU.Build.0 = Debug|Any CPU
		{AA2FC7E3-2A69-485C-A4A3-75ED85C3A962}.Release|Any CPU.ActiveCfg = Release|Any CPU
		{AA2FC7E3-2A69-485C-A4A3-75ED85C3A962}.Release|Any CPU.Build.0 = Release|Any CPU
	EndGlobalSection
	GlobalSection(SolutionProperties) = preSolution
		HideSolutionNode = FALSE
	EndGlobalSection
	GlobalSection(ExtensibilityGlobals) = postSolution
		SolutionGuid = {A22DA293-CE70-4F4B-BCFA-66A1F702A7BA}
	EndGlobalSection
EndGlobal
